// !$*UTF8*$!
{
	archiveVersion = 1;
	classes = {
	};
	objectVersion = 56;
	objects = {

/* Begin PBXBuildFile section */
		05E897D533E77CD16291264B /* InsightsStore.swift in Sources */ = {isa = PBXBuildFile; fileRef = F12111238AF7255613A24A12 /* InsightsStore.swift */; };
		40533A7B62684C9486E76BA4 /* TrainerSoul.swift in Sources */ = {isa = PBXBuildFile; fileRef = E978F0CC76B8482FBC4A79C7 /* TrainerSoul.swift */; };
		A1000001 /* MomentaryApp.swift in Sources */ = {isa = PBXBuildFile; fileRef = B1000001 /* MomentaryApp.swift */; };
		A1000003 /* TranscriptionService.swift in Sources */ = {isa = PBXBuildFile; fileRef = B1000003 /* TranscriptionService.swift */; };
		A1000004 /* PhoneConnectivityManager.swift in Sources */ = {isa = PBXBuildFile; fileRef = B1000004 /* PhoneConnectivityManager.swift */; };
		A1000005 /* ConnectivityConstants.swift in Sources */ = {isa = PBXBuildFile; fileRef = B1000010 /* ConnectivityConstants.swift */; };
		A1000007 /* Assets.xcassets in Resources */ = {isa = PBXBuildFile; fileRef = B1000007 /* Assets.xcassets */; };
		A1000008 /* PhoneAudioRecorderService.swift in Sources */ = {isa = PBXBuildFile; fileRef = B1000008 /* PhoneAudioRecorderService.swift */; };
		A1000009 /* Models.swift in Sources */ = {isa = PBXBuildFile; fileRef = B1000011 /* Models.swift */; };
		A1000010 /* WorkoutStore.swift in Sources */ = {isa = PBXBuildFile; fileRef = B1000012 /* WorkoutStore.swift */; };
		A1000011 /* HealthKitService.swift in Sources */ = {isa = PBXBuildFile; fileRef = B1000013 /* HealthKitService.swift */; };
		A1000012 /* WorkoutManager.swift in Sources */ = {isa = PBXBuildFile; fileRef = B1000014 /* WorkoutManager.swift */; };
		A1000013 /* AIProcessingService.swift in Sources */ = {isa = PBXBuildFile; fileRef = B1000015 /* AIProcessingService.swift */; };
		A1000014 /* AIPromptBuilder.swift in Sources */ = {isa = PBXBuildFile; fileRef = B1000016 /* AIPromptBuilder.swift */; };
		A1000015 /* AIProcessingPipeline.swift in Sources */ = {isa = PBXBuildFile; fileRef = B1000017 /* AIProcessingPipeline.swift */; };
		A1000016 /* MainTabView.swift in Sources */ = {isa = PBXBuildFile; fileRef = B1000018 /* MainTabView.swift */; };
		A1000017 /* HomeView.swift in Sources */ = {isa = PBXBuildFile; fileRef = B1000019 /* HomeView.swift */; };
		A1000018 /* ActiveWorkoutTab.swift in Sources */ = {isa = PBXBuildFile; fileRef = B1000020 /* ActiveWorkoutTab.swift */; };
		A1000019 /* WorkoutDetailView.swift in Sources */ = {isa = PBXBuildFile; fileRef = B1000021 /* WorkoutDetailView.swift */; };
		A1000020 /* InsightsTab.swift in Sources */ = {isa = PBXBuildFile; fileRef = B1000022 /* InsightsTab.swift */; };
		A1000021 /* SettingsView.swift in Sources */ = {isa = PBXBuildFile; fileRef = B1000023 /* SettingsView.swift */; };
		A1000022 /* APIKeyProvider.swift in Sources */ = {isa = PBXBuildFile; fileRef = B1000024 /* APIKeyProvider.swift */; };
		A1000025 /* StoryReadTracker.swift in Sources */ = {isa = PBXBuildFile; fileRef = B1000025 /* StoryReadTracker.swift */; };
		A1000026 /* InsightsService.swift in Sources */ = {isa = PBXBuildFile; fileRef = B1000026 /* InsightsService.swift */; };
		A1000027 /* InsightStoryView.swift in Sources */ = {isa = PBXBuildFile; fileRef = B1000027 /* InsightStoryView.swift */; };
		A1000028 /* StoryCarouselView.swift in Sources */ = {isa = PBXBuildFile; fileRef = B1000028 /* StoryCarouselView.swift */; };
		A1000029 /* InsightChartViews.swift in Sources */ = {isa = PBXBuildFile; fileRef = B1000029 /* InsightChartViews.swift */; };
		A1000030 /* Theme.swift in Sources */ = {isa = PBXBuildFile; fileRef = B1000030 /* Theme.swift */; };
		A1000031 /* ChatModels.swift in Sources */ = {isa = PBXBuildFile; fileRef = B1000031 /* ChatModels.swift */; };
		A1000032 /* ChatPromptBuilder.swift in Sources */ = {isa = PBXBuildFile; fileRef = B1000032 /* ChatPromptBuilder.swift */; };
		A1000033 /* ChatService.swift in Sources */ = {isa = PBXBuildFile; fileRef = B1000033 /* ChatService.swift */; };
		A1000034 /* ChatView.swift in Sources */ = {isa = PBXBuildFile; fileRef = B1000034 /* ChatView.swift */; };
		A1000035 /* ChatMessageView.swift in Sources */ = {isa = PBXBuildFile; fileRef = B1000035 /* ChatMessageView.swift */; };
		A1000036 /* ChatBlockView.swift in Sources */ = {isa = PBXBuildFile; fileRef = B1000036 /* ChatBlockView.swift */; };
		A2000001 /* MomentaryWatchApp.swift in Sources */ = {isa = PBXBuildFile; fileRef = B2000001 /* MomentaryWatchApp.swift */; };
		A2000003 /* AudioRecorderService.swift in Sources */ = {isa = PBXBuildFile; fileRef = B2000003 /* AudioRecorderService.swift */; };
		A2000004 /* WatchConnectivityManager.swift in Sources */ = {isa = PBXBuildFile; fileRef = B2000004 /* WatchConnectivityManager.swift */; };
		A2000005 /* ConnectivityConstants.swift in Sources */ = {isa = PBXBuildFile; fileRef = B1000010 /* ConnectivityConstants.swift */; };
		A2000006 /* Assets.xcassets in Resources */ = {isa = PBXBuildFile; fileRef = B2000005 /* Assets.xcassets */; };
		A2000007 /* ExtendedSessionManager.swift in Sources */ = {isa = PBXBuildFile; fileRef = B2000006 /* ExtendedSessionManager.swift */; };
		A2000008 /* Models.swift in Sources */ = {isa = PBXBuildFile; fileRef = B1000011 /* Models.swift */; };
		A2000009 /* WorkoutStore.swift in Sources */ = {isa = PBXBuildFile; fileRef = B1000012 /* WorkoutStore.swift */; };
		A2000010 /* HealthKitService.swift in Sources */ = {isa = PBXBuildFile; fileRef = B1000013 /* HealthKitService.swift */; };
		A2000011 /* WatchWorkoutManager.swift in Sources */ = {isa = PBXBuildFile; fileRef = B2000007 /* WatchWorkoutManager.swift */; };
		A2000012 /* WatchRootView.swift in Sources */ = {isa = PBXBuildFile; fileRef = B2000008 /* WatchRootView.swift */; };
		A2000013 /* WatchHomeView.swift in Sources */ = {isa = PBXBuildFile; fileRef = B2000009 /* WatchHomeView.swift */; };
		A2000014 /* ActiveWorkoutView.swift in Sources */ = {isa = PBXBuildFile; fileRef = B2000010 /* ActiveWorkoutView.swift */; };
		A2000015 /* WorkoutSummaryView.swift in Sources */ = {isa = PBXBuildFile; fileRef = B2000011 /* WorkoutSummaryView.swift */; };
		A2000017 /* NowPlayingPage.swift in Sources */ = {isa = PBXBuildFile; fileRef = B2000013 /* NowPlayingPage.swift */; };
		AB1D49684D5346E3121A4C65 /* SampleDataGenerator.swift in Sources */ = {isa = PBXBuildFile; fileRef = 472082E58F43CCB8FB7234DF /* SampleDataGenerator.swift */; };
		CC641F3B7AF2A8BBC0E29956 /* ConversationStore.swift in Sources */ = {isa = PBXBuildFile; fileRef = B329A9E030BA5296F32E78C5 /* ConversationStore.swift */; };
		E6C79CAC9B32429DA84CFBF4 /* TrainerSoulEditor.swift in Sources */ = {isa = PBXBuildFile; fileRef = AD351910FDA64E408F948152 /* TrainerSoulEditor.swift */; };
		EFE887148495B3C1EBD9BE70 /* InsightDetailView.swift in Sources */ = {isa = PBXBuildFile; fileRef = F32CA92DB2D52BB5BA25593D /* InsightDetailView.swift */; };
		EP000002 /* Momentary Watch App.app in Embed Watch Content */ = {isa = PBXBuildFile; fileRef = C2000001 /* Momentary Watch App.app */; settings = {ATTRIBUTES = (RemoveHeadersOnCopy, ); }; };
		F89F2CA648E97262E033FB9E /* WatchTheme.swift in Sources */ = {isa = PBXBuildFile; fileRef = F58C19D99EDC0278BCB0538A /* WatchTheme.swift */; };
/* End PBXBuildFile section */

/* Begin PBXContainerItemProxy section */
		DP000001 /* PBXContainerItemProxy */ = {
			isa = PBXContainerItemProxy;
			containerPortal = P0000001 /* Project object */;
			proxyType = 1;
			remoteGlobalIDString = T2000001;
			remoteInfo = "Momentary Watch App";
		};
/* End PBXContainerItemProxy section */

/* Begin PBXCopyFilesBuildPhase section */
		EP000001 /* Embed Watch Content */ = {
			isa = PBXCopyFilesBuildPhase;
			buildActionMask = 2147483647;
			dstPath = "$(CONTENTS_FOLDER_PATH)/Watch";
			dstSubfolderSpec = 16;
			files = (
				EP000002 /* Momentary Watch App.app in Embed Watch Content */,
			);
			name = "Embed Watch Content";
			runOnlyForDeploymentPostprocessing = 0;
		};
/* End PBXCopyFilesBuildPhase section */

/* Begin PBXFileReference section */
		472082E58F43CCB8FB7234DF /* SampleDataGenerator.swift */ = {isa = PBXFileReference; includeInIndex = 1; lastKnownFileType = sourcecode.swift; path = SampleDataGenerator.swift; sourceTree = "<group>"; };
		AD351910FDA64E408F948152 /* TrainerSoulEditor.swift */ = {isa = PBXFileReference; lastKnownFileType = sourcecode.swift; path = TrainerSoulEditor.swift; sourceTree = "<group>"; };
		B1000001 /* MomentaryApp.swift */ = {isa = PBXFileReference; lastKnownFileType = sourcecode.swift; path = MomentaryApp.swift; sourceTree = "<group>"; };
		B1000003 /* TranscriptionService.swift */ = {isa = PBXFileReference; lastKnownFileType = sourcecode.swift; path = TranscriptionService.swift; sourceTree = "<group>"; };
		B1000004 /* PhoneConnectivityManager.swift */ = {isa = PBXFileReference; lastKnownFileType = sourcecode.swift; path = PhoneConnectivityManager.swift; sourceTree = "<group>"; };
		B1000007 /* Assets.xcassets */ = {isa = PBXFileReference; lastKnownFileType = folder.assetcatalog; path = Assets.xcassets; sourceTree = "<group>"; };
		B1000008 /* PhoneAudioRecorderService.swift */ = {isa = PBXFileReference; lastKnownFileType = sourcecode.swift; path = PhoneAudioRecorderService.swift; sourceTree = "<group>"; };
		B1000010 /* ConnectivityConstants.swift */ = {isa = PBXFileReference; lastKnownFileType = sourcecode.swift; path = ConnectivityConstants.swift; sourceTree = "<group>"; };
		B1000011 /* Models.swift */ = {isa = PBXFileReference; lastKnownFileType = sourcecode.swift; path = Models.swift; sourceTree = "<group>"; };
		B1000012 /* WorkoutStore.swift */ = {isa = PBXFileReference; lastKnownFileType = sourcecode.swift; path = WorkoutStore.swift; sourceTree = "<group>"; };
		B1000013 /* HealthKitService.swift */ = {isa = PBXFileReference; lastKnownFileType = sourcecode.swift; path = HealthKitService.swift; sourceTree = "<group>"; };
		B1000014 /* WorkoutManager.swift */ = {isa = PBXFileReference; lastKnownFileType = sourcecode.swift; path = WorkoutManager.swift; sourceTree = "<group>"; };
		B1000015 /* AIProcessingService.swift */ = {isa = PBXFileReference; lastKnownFileType = sourcecode.swift; path = AIProcessingService.swift; sourceTree = "<group>"; };
		B1000016 /* AIPromptBuilder.swift */ = {isa = PBXFileReference; lastKnownFileType = sourcecode.swift; path = AIPromptBuilder.swift; sourceTree = "<group>"; };
		B1000017 /* AIProcessingPipeline.swift */ = {isa = PBXFileReference; lastKnownFileType = sourcecode.swift; path = AIProcessingPipeline.swift; sourceTree = "<group>"; };
		B1000018 /* MainTabView.swift */ = {isa = PBXFileReference; lastKnownFileType = sourcecode.swift; path = MainTabView.swift; sourceTree = "<group>"; };
		B1000019 /* HomeView.swift */ = {isa = PBXFileReference; lastKnownFileType = sourcecode.swift; path = HomeView.swift; sourceTree = "<group>"; };
		B1000020 /* ActiveWorkoutTab.swift */ = {isa = PBXFileReference; lastKnownFileType = sourcecode.swift; path = ActiveWorkoutTab.swift; sourceTree = "<group>"; };
		B1000021 /* WorkoutDetailView.swift */ = {isa = PBXFileReference; lastKnownFileType = sourcecode.swift; path = WorkoutDetailView.swift; sourceTree = "<group>"; };
		B1000022 /* InsightsTab.swift */ = {isa = PBXFileReference; lastKnownFileType = sourcecode.swift; path = InsightsTab.swift; sourceTree = "<group>"; };
		B1000023 /* SettingsView.swift */ = {isa = PBXFileReference; lastKnownFileType = sourcecode.swift; path = SettingsView.swift; sourceTree = "<group>"; };
		B1000024 /* APIKeyProvider.swift */ = {isa = PBXFileReference; lastKnownFileType = sourcecode.swift; path = APIKeyProvider.swift; sourceTree = "<group>"; };
		B1000025 /* StoryReadTracker.swift */ = {isa = PBXFileReference; lastKnownFileType = sourcecode.swift; path = StoryReadTracker.swift; sourceTree = "<group>"; };
		B1000026 /* InsightsService.swift */ = {isa = PBXFileReference; lastKnownFileType = sourcecode.swift; path = InsightsService.swift; sourceTree = "<group>"; };
		B1000027 /* InsightStoryView.swift */ = {isa = PBXFileReference; lastKnownFileType = sourcecode.swift; path = InsightStoryView.swift; sourceTree = "<group>"; };
		B1000028 /* StoryCarouselView.swift */ = {isa = PBXFileReference; lastKnownFileType = sourcecode.swift; path = StoryCarouselView.swift; sourceTree = "<group>"; };
		B1000029 /* InsightChartViews.swift */ = {isa = PBXFileReference; lastKnownFileType = sourcecode.swift; path = InsightChartViews.swift; sourceTree = "<group>"; };
		B1000030 /* Theme.swift */ = {isa = PBXFileReference; lastKnownFileType = sourcecode.swift; path = Theme.swift; sourceTree = "<group>"; };
		B1000031 /* ChatModels.swift */ = {isa = PBXFileReference; lastKnownFileType = sourcecode.swift; path = ChatModels.swift; sourceTree = "<group>"; };
		B1000032 /* ChatPromptBuilder.swift */ = {isa = PBXFileReference; lastKnownFileType = sourcecode.swift; path = ChatPromptBuilder.swift; sourceTree = "<group>"; };
		B1000033 /* ChatService.swift */ = {isa = PBXFileReference; lastKnownFileType = sourcecode.swift; path = ChatService.swift; sourceTree = "<group>"; };
		B1000034 /* ChatView.swift */ = {isa = PBXFileReference; lastKnownFileType = sourcecode.swift; path = ChatView.swift; sourceTree = "<group>"; };
		B1000035 /* ChatMessageView.swift */ = {isa = PBXFileReference; lastKnownFileType = sourcecode.swift; path = ChatMessageView.swift; sourceTree = "<group>"; };
		B1000036 /* ChatBlockView.swift */ = {isa = PBXFileReference; lastKnownFileType = sourcecode.swift; path = ChatBlockView.swift; sourceTree = "<group>"; };
		B2000001 /* MomentaryWatchApp.swift */ = {isa = PBXFileReference; lastKnownFileType = sourcecode.swift; path = MomentaryWatchApp.swift; sourceTree = "<group>"; };
		B2000003 /* AudioRecorderService.swift */ = {isa = PBXFileReference; lastKnownFileType = sourcecode.swift; path = AudioRecorderService.swift; sourceTree = "<group>"; };
		B2000004 /* WatchConnectivityManager.swift */ = {isa = PBXFileReference; lastKnownFileType = sourcecode.swift; path = WatchConnectivityManager.swift; sourceTree = "<group>"; };
		B2000005 /* Assets.xcassets */ = {isa = PBXFileReference; lastKnownFileType = folder.assetcatalog; path = Assets.xcassets; sourceTree = "<group>"; };
		B2000006 /* ExtendedSessionManager.swift */ = {isa = PBXFileReference; lastKnownFileType = sourcecode.swift; path = ExtendedSessionManager.swift; sourceTree = "<group>"; };
		B2000007 /* WatchWorkoutManager.swift */ = {isa = PBXFileReference; lastKnownFileType = sourcecode.swift; path = WatchWorkoutManager.swift; sourceTree = "<group>"; };
		B2000008 /* WatchRootView.swift */ = {isa = PBXFileReference; lastKnownFileType = sourcecode.swift; path = WatchRootView.swift; sourceTree = "<group>"; };
		B2000009 /* WatchHomeView.swift */ = {isa = PBXFileReference; lastKnownFileType = sourcecode.swift; path = WatchHomeView.swift; sourceTree = "<group>"; };
		B2000010 /* ActiveWorkoutView.swift */ = {isa = PBXFileReference; lastKnownFileType = sourcecode.swift; path = ActiveWorkoutView.swift; sourceTree = "<group>"; };
		B2000011 /* WorkoutSummaryView.swift */ = {isa = PBXFileReference; lastKnownFileType = sourcecode.swift; path = WorkoutSummaryView.swift; sourceTree = "<group>"; };
		B2000013 /* NowPlayingPage.swift */ = {isa = PBXFileReference; lastKnownFileType = sourcecode.swift; path = NowPlayingPage.swift; sourceTree = "<group>"; };
		B329A9E030BA5296F32E78C5 /* ConversationStore.swift */ = {isa = PBXFileReference; includeInIndex = 1; lastKnownFileType = sourcecode.swift; path = ConversationStore.swift; sourceTree = "<group>"; };
		C1000001 /* Momentary.app */ = {isa = PBXFileReference; explicitFileType = wrapper.application; includeInIndex = 0; path = Momentary.app; sourceTree = BUILT_PRODUCTS_DIR; };
		C2000001 /* Momentary Watch App.app */ = {isa = PBXFileReference; explicitFileType = wrapper.application; includeInIndex = 0; path = "Momentary Watch App.app"; sourceTree = BUILT_PRODUCTS_DIR; };
		E978F0CC76B8482FBC4A79C7 /* TrainerSoul.swift */ = {isa = PBXFileReference; lastKnownFileType = sourcecode.swift; path = TrainerSoul.swift; sourceTree = "<group>"; };
		F12111238AF7255613A24A12 /* InsightsStore.swift */ = {isa = PBXFileReference; includeInIndex = 1; lastKnownFileType = sourcecode.swift; path = InsightsStore.swift; sourceTree = "<group>"; };
		F32CA92DB2D52BB5BA25593D /* InsightDetailView.swift */ = {isa = PBXFileReference; includeInIndex = 1; lastKnownFileType = sourcecode.swift; path = InsightDetailView.swift; sourceTree = "<group>"; };
		F58C19D99EDC0278BCB0538A /* WatchTheme.swift */ = {isa = PBXFileReference; includeInIndex = 1; lastKnownFileType = sourcecode.swift; path = WatchTheme.swift; sourceTree = "<group>"; };
/* End PBXFileReference section */

/* Begin PBXFrameworksBuildPhase section */
		E1000001 /* Frameworks */ = {
			isa = PBXFrameworksBuildPhase;
			buildActionMask = 2147483647;
			files = (
			);
			runOnlyForDeploymentPostprocessing = 0;
		};
		E2000001 /* Frameworks */ = {
			isa = PBXFrameworksBuildPhase;
			buildActionMask = 2147483647;
			files = (
			);
			runOnlyForDeploymentPostprocessing = 0;
		};
/* End PBXFrameworksBuildPhase section */

/* Begin PBXGroup section */
		F0000001 = {
			isa = PBXGroup;
			children = (
				F1000001 /* Shared */,
				F2000001 /* Momentary */,
				F3000001 /* Momentary Watch App */,
				F9000001 /* Products */,
			);
			sourceTree = "<group>";
		};
		F1000001 /* Shared */ = {
			isa = PBXGroup;
			children = (
				B1000010 /* ConnectivityConstants.swift */,
				B1000011 /* Models.swift */,
				B1000012 /* WorkoutStore.swift */,
				B1000013 /* HealthKitService.swift */,
			);
			path = Shared;
			sourceTree = "<group>";
		};
		F2000001 /* Momentary */ = {
			isa = PBXGroup;
			children = (
				B1000001 /* MomentaryApp.swift */,
				B1000003 /* TranscriptionService.swift */,
				B1000004 /* PhoneConnectivityManager.swift */,
				B1000008 /* PhoneAudioRecorderService.swift */,
				B1000014 /* WorkoutManager.swift */,
				B1000015 /* AIProcessingService.swift */,
				B1000016 /* AIPromptBuilder.swift */,
				B1000017 /* AIProcessingPipeline.swift */,
				B1000024 /* APIKeyProvider.swift */,
				B1000025 /* StoryReadTracker.swift */,
				B1000026 /* InsightsService.swift */,
				B1000031 /* ChatModels.swift */,
				B1000032 /* ChatPromptBuilder.swift */,
				B1000033 /* ChatService.swift */,
				F2000002 /* Views */,
				B1000007 /* Assets.xcassets */,
				E978F0CC76B8482FBC4A79C7 /* TrainerSoul.swift */,
				B329A9E030BA5296F32E78C5 /* ConversationStore.swift */,
				472082E58F43CCB8FB7234DF /* SampleDataGenerator.swift */,
				F12111238AF7255613A24A12 /* InsightsStore.swift */,
			);
			path = Momentary;
			sourceTree = "<group>";
		};
		F2000002 /* Views */ = {
			isa = PBXGroup;
			children = (
				B1000018 /* MainTabView.swift */,
				B1000019 /* HomeView.swift */,
				B1000020 /* ActiveWorkoutTab.swift */,
				B1000021 /* WorkoutDetailView.swift */,
				B1000022 /* InsightsTab.swift */,
				B1000023 /* SettingsView.swift */,
				B1000027 /* InsightStoryView.swift */,
				B1000028 /* StoryCarouselView.swift */,
				B1000029 /* InsightChartViews.swift */,
				B1000030 /* Theme.swift */,
				B1000034 /* ChatView.swift */,
				B1000035 /* ChatMessageView.swift */,
				B1000036 /* ChatBlockView.swift */,
				AD351910FDA64E408F948152 /* TrainerSoulEditor.swift */,
				F32CA92DB2D52BB5BA25593D /* InsightDetailView.swift */,
			);
			path = Views;
			sourceTree = "<group>";
		};
		F3000001 /* Momentary Watch App */ = {
			isa = PBXGroup;
			children = (
				B2000001 /* MomentaryWatchApp.swift */,
				B2000003 /* AudioRecorderService.swift */,
				B2000004 /* WatchConnectivityManager.swift */,
				B2000006 /* ExtendedSessionManager.swift */,
				B2000007 /* WatchWorkoutManager.swift */,
				F3000002 /* Views */,
				B2000005 /* Assets.xcassets */,
			);
			path = "Momentary Watch App";
			sourceTree = "<group>";
		};
		F3000002 /* Views */ = {
			isa = PBXGroup;
			children = (
				B2000008 /* WatchRootView.swift */,
				B2000009 /* WatchHomeView.swift */,
				B2000010 /* ActiveWorkoutView.swift */,
				B2000011 /* WorkoutSummaryView.swift */,
				B2000013 /* NowPlayingPage.swift */,
				F58C19D99EDC0278BCB0538A /* WatchTheme.swift */,
			);
			path = Views;
			sourceTree = "<group>";
		};
		F9000001 /* Products */ = {
			isa = PBXGroup;
			children = (
				C1000001 /* Momentary.app */,
				C2000001 /* Momentary Watch App.app */,
			);
			name = Products;
			sourceTree = "<group>";
		};
/* End PBXGroup section */

/* Begin PBXNativeTarget section */
		T1000001 /* Momentary */ = {
			isa = PBXNativeTarget;
			buildConfigurationList = L1000001 /* Build configuration list for PBXNativeTarget "Momentary" */;
			buildPhases = (
				S1000001 /* Sources */,
				E1000001 /* Frameworks */,
				R1000001 /* Resources */,
				EP000001 /* Embed Watch Content */,
			);
			buildRules = (
			);
			dependencies = (
				DD000001 /* PBXTargetDependency */,
			);
			name = Momentary;
			productName = Momentary;
			productReference = C1000001 /* Momentary.app */;
			productType = "com.apple.product-type.application";
		};
		T2000001 /* Momentary Watch App */ = {
			isa = PBXNativeTarget;
			buildConfigurationList = L2000001 /* Build configuration list for PBXNativeTarget "Momentary Watch App" */;
			buildPhases = (
				S2000001 /* Sources */,
				E2000001 /* Frameworks */,
				R2000001 /* Resources */,
			);
			buildRules = (
			);
			dependencies = (
			);
			name = "Momentary Watch App";
			productName = "Momentary Watch App";
			productReference = C2000001 /* Momentary Watch App.app */;
			productType = "com.apple.product-type.application";
		};
/* End PBXNativeTarget section */

/* Begin PBXProject section */
		P0000001 /* Project object */ = {
			isa = PBXProject;
			attributes = {
				BuildIndependentTargetsInParallel = 1;
				LastSwiftUpdateCheck = 1500;
				LastUpgradeCheck = 2620;
				TargetAttributes = {
					T1000001 = {
						CreatedOnToolsVersion = 15.0;
					};
					T2000001 = {
						CreatedOnToolsVersion = 15.0;
					};
				};
			};
			buildConfigurationList = L0000001 /* Build configuration list for PBXProject "Momentary" */;
			compatibilityVersion = "Xcode 14.0";
			developmentRegion = en;
			hasScannedForEncodings = 0;
			knownRegions = (
				en,
				Base,
			);
			mainGroup = F0000001;
			productRefGroup = F9000001 /* Products */;
			projectDirPath = "";
			projectRoot = "";
			targets = (
				T1000001 /* Momentary */,
				T2000001 /* Momentary Watch App */,
			);
		};
/* End PBXProject section */

/* Begin PBXResourcesBuildPhase section */
		R1000001 /* Resources */ = {
			isa = PBXResourcesBuildPhase;
			buildActionMask = 2147483647;
			files = (
				A1000007 /* Assets.xcassets in Resources */,
			);
			runOnlyForDeploymentPostprocessing = 0;
		};
		R2000001 /* Resources */ = {
			isa = PBXResourcesBuildPhase;
			buildActionMask = 2147483647;
			files = (
				A2000006 /* Assets.xcassets in Resources */,
			);
			runOnlyForDeploymentPostprocessing = 0;
		};
/* End PBXResourcesBuildPhase section */

/* Begin PBXSourcesBuildPhase section */
		S1000001 /* Sources */ = {
			isa = PBXSourcesBuildPhase;
			buildActionMask = 2147483647;
			files = (
				A1000001 /* MomentaryApp.swift in Sources */,
				A1000003 /* TranscriptionService.swift in Sources */,
				A1000004 /* PhoneConnectivityManager.swift in Sources */,
				A1000008 /* PhoneAudioRecorderService.swift in Sources */,
				A1000005 /* ConnectivityConstants.swift in Sources */,
				A1000009 /* Models.swift in Sources */,
				A1000010 /* WorkoutStore.swift in Sources */,
				A1000011 /* HealthKitService.swift in Sources */,
				A1000012 /* WorkoutManager.swift in Sources */,
				A1000013 /* AIProcessingService.swift in Sources */,
				A1000014 /* AIPromptBuilder.swift in Sources */,
				A1000015 /* AIProcessingPipeline.swift in Sources */,
				A1000016 /* MainTabView.swift in Sources */,
				A1000017 /* HomeView.swift in Sources */,
				A1000018 /* ActiveWorkoutTab.swift in Sources */,
				A1000019 /* WorkoutDetailView.swift in Sources */,
				A1000020 /* InsightsTab.swift in Sources */,
				A1000021 /* SettingsView.swift in Sources */,
				A1000022 /* APIKeyProvider.swift in Sources */,
				A1000025 /* StoryReadTracker.swift in Sources */,
				A1000026 /* InsightsService.swift in Sources */,
				A1000027 /* InsightStoryView.swift in Sources */,
				A1000028 /* StoryCarouselView.swift in Sources */,
				A1000029 /* InsightChartViews.swift in Sources */,
				A1000030 /* Theme.swift in Sources */,
				A1000031 /* ChatModels.swift in Sources */,
				A1000032 /* ChatPromptBuilder.swift in Sources */,
				A1000033 /* ChatService.swift in Sources */,
				A1000034 /* ChatView.swift in Sources */,
				A1000035 /* ChatMessageView.swift in Sources */,
				A1000036 /* ChatBlockView.swift in Sources */,
				40533A7B62684C9486E76BA4 /* TrainerSoul.swift in Sources */,
				E6C79CAC9B32429DA84CFBF4 /* TrainerSoulEditor.swift in Sources */,
				CC641F3B7AF2A8BBC0E29956 /* ConversationStore.swift in Sources */,
				AB1D49684D5346E3121A4C65 /* SampleDataGenerator.swift in Sources */,
				05E897D533E77CD16291264B /* InsightsStore.swift in Sources */,
				EFE887148495B3C1EBD9BE70 /* InsightDetailView.swift in Sources */,
			);
			runOnlyForDeploymentPostprocessing = 0;
		};
		S2000001 /* Sources */ = {
			isa = PBXSourcesBuildPhase;
			buildActionMask = 2147483647;
			files = (
				A2000001 /* MomentaryWatchApp.swift in Sources */,
				A2000003 /* AudioRecorderService.swift in Sources */,
				A2000004 /* WatchConnectivityManager.swift in Sources */,
				A2000007 /* ExtendedSessionManager.swift in Sources */,
				A2000005 /* ConnectivityConstants.swift in Sources */,
				A2000008 /* Models.swift in Sources */,
				A2000009 /* WorkoutStore.swift in Sources */,
				A2000010 /* HealthKitService.swift in Sources */,
				A2000011 /* WatchWorkoutManager.swift in Sources */,
				A2000012 /* WatchRootView.swift in Sources */,
				A2000013 /* WatchHomeView.swift in Sources */,
				A2000014 /* ActiveWorkoutView.swift in Sources */,
				A2000015 /* WorkoutSummaryView.swift in Sources */,
				A2000017 /* NowPlayingPage.swift in Sources */,
				F89F2CA648E97262E033FB9E /* WatchTheme.swift in Sources */,
			);
			runOnlyForDeploymentPostprocessing = 0;
		};
/* End PBXSourcesBuildPhase section */

/* Begin PBXTargetDependency section */
		DD000001 /* PBXTargetDependency */ = {
			isa = PBXTargetDependency;
			target = T2000001 /* Momentary Watch App */;
			targetProxy = DP000001 /* PBXContainerItemProxy */;
		};
/* End PBXTargetDependency section */

/* Begin XCBuildConfiguration section */
		X0D00001 /* Debug */ = {
			isa = XCBuildConfiguration;
			buildSettings = {
				ALWAYS_SEARCH_USER_PATHS = NO;
				ASSETCATALOG_COMPILER_GENERATE_SWIFT_ASSET_SYMBOL_EXTENSIONS = YES;
				CLANG_ANALYZER_NONNULL = YES;
				CLANG_ANALYZER_NUMBER_OBJECT_CONVERSION = YES_AGGRESSIVE;
				CLANG_CXX_LANGUAGE_STANDARD = "gnu++20";
				CLANG_ENABLE_MODULES = YES;
				CLANG_ENABLE_OBJC_ARC = YES;
				CLANG_ENABLE_OBJC_WEAK = YES;
				CLANG_WARN_BLOCK_CAPTURE_AUTORELEASING = YES;
				CLANG_WARN_BOOL_CONVERSION = YES;
				CLANG_WARN_COMMA = YES;
				CLANG_WARN_CONSTANT_CONVERSION = YES;
				CLANG_WARN_DEPRECATED_OBJC_IMPLEMENTATIONS = YES;
				CLANG_WARN_DIRECT_OBJC_ISA_USAGE = YES_ERROR;
				CLANG_WARN_DOCUMENTATION_COMMENTS = YES;
				CLANG_WARN_EMPTY_BODY = YES;
				CLANG_WARN_ENUM_CONVERSION = YES;
				CLANG_WARN_INFINITE_RECURSION = YES;
				CLANG_WARN_INT_CONVERSION = YES;
				CLANG_WARN_NON_LITERAL_NULL_CONVERSION = YES;
				CLANG_WARN_OBJC_IMPLICIT_RETAIN_SELF = YES;
				CLANG_WARN_OBJC_LITERAL_CONVERSION = YES;
				CLANG_WARN_OBJC_ROOT_CLASS = YES_ERROR;
				CLANG_WARN_QUOTED_INCLUDE_IN_FRAMEWORK_HEADER = YES;
				CLANG_WARN_RANGE_LOOP_ANALYSIS = YES;
				CLANG_WARN_STRICT_PROTOTYPES = YES;
				CLANG_WARN_SUSPICIOUS_MOVE = YES;
				CLANG_WARN_UNGUARDED_AVAILABILITY = YES_AGGRESSIVE;
				CLANG_WARN_UNREACHABLE_CODE = YES;
				CLANG_WARN__DUPLICATE_METHOD_MATCH = YES;
				COPY_PHASE_STRIP = NO;
				DEAD_CODE_STRIPPING = YES;
				DEBUG_INFORMATION_FORMAT = dwarf;
				DEVELOPMENT_TEAM = R2C4T4N7US;
				ENABLE_STRICT_OBJC_MSGSEND = YES;
				ENABLE_TESTABILITY = YES;
				ENABLE_USER_SCRIPT_SANDBOXING = YES;
				GCC_C_LANGUAGE_STANDARD = gnu17;
				GCC_DYNAMIC_NO_PIC = NO;
				GCC_NO_COMMON_BLOCKS = YES;
				GCC_OPTIMIZATION_LEVEL = 0;
				GCC_PREPROCESSOR_DEFINITIONS = (
					"DEBUG=1",
					"$(inherited)",
				);
				GCC_WARN_64_TO_32_BIT_CONVERSION = YES;
				GCC_WARN_ABOUT_RETURN_TYPE = YES_ERROR;
				GCC_WARN_UNDECLARED_SELECTOR = YES;
				GCC_WARN_UNINITIALIZED_AUTOS = YES_AGGRESSIVE;
				GCC_WARN_UNUSED_FUNCTION = YES;
				GCC_WARN_UNUSED_VARIABLE = YES;
				LOCALIZATION_PREFERS_STRING_CATALOGS = YES;
				MTL_ENABLE_DEBUG_INFO = INCLUDE_SOURCE;
				MTL_FAST_MATH = YES;
				ONLY_ACTIVE_ARCH = YES;
				STRING_CATALOG_GENERATE_SYMBOLS = YES;
				SWIFT_ACTIVE_COMPILATION_CONDITIONS = "DEBUG $(inherited)";
				SWIFT_OPTIMIZATION_LEVEL = "-Onone";
			};
			name = Debug;
		};
		X0R00001 /* Release */ = {
			isa = XCBuildConfiguration;
			buildSettings = {
				ALWAYS_SEARCH_USER_PATHS = NO;
				ASSETCATALOG_COMPILER_GENERATE_SWIFT_ASSET_SYMBOL_EXTENSIONS = YES;
				CLANG_ANALYZER_NONNULL = YES;
				CLANG_ANALYZER_NUMBER_OBJECT_CONVERSION = YES_AGGRESSIVE;
				CLANG_CXX_LANGUAGE_STANDARD = "gnu++20";
				CLANG_ENABLE_MODULES = YES;
				CLANG_ENABLE_OBJC_ARC = YES;
				CLANG_ENABLE_OBJC_WEAK = YES;
				CLANG_WARN_BLOCK_CAPTURE_AUTORELEASING = YES;
				CLANG_WARN_BOOL_CONVERSION = YES;
				CLANG_WARN_COMMA = YES;
				CLANG_WARN_CONSTANT_CONVERSION = YES;
				CLANG_WARN_DEPRECATED_OBJC_IMPLEMENTATIONS = YES;
				CLANG_WARN_DIRECT_OBJC_ISA_USAGE = YES_ERROR;
				CLANG_WARN_DOCUMENTATION_COMMENTS = YES;
				CLANG_WARN_EMPTY_BODY = YES;
				CLANG_WARN_ENUM_CONVERSION = YES;
				CLANG_WARN_INFINITE_RECURSION = YES;
				CLANG_WARN_INT_CONVERSION = YES;
				CLANG_WARN_NON_LITERAL_NULL_CONVERSION = YES;
				CLANG_WARN_OBJC_IMPLICIT_RETAIN_SELF = YES;
				CLANG_WARN_OBJC_LITERAL_CONVERSION = YES;
				CLANG_WARN_OBJC_ROOT_CLASS = YES_ERROR;
				CLANG_WARN_QUOTED_INCLUDE_IN_FRAMEWORK_HEADER = YES;
				CLANG_WARN_RANGE_LOOP_ANALYSIS = YES;
				CLANG_WARN_STRICT_PROTOTYPES = YES;
				CLANG_WARN_SUSPICIOUS_MOVE = YES;
				CLANG_WARN_UNGUARDED_AVAILABILITY = YES_AGGRESSIVE;
				CLANG_WARN_UNREACHABLE_CODE = YES;
				CLANG_WARN__DUPLICATE_METHOD_MATCH = YES;
				COPY_PHASE_STRIP = NO;
				DEAD_CODE_STRIPPING = YES;
				DEBUG_INFORMATION_FORMAT = "dwarf-with-dsym";
				DEVELOPMENT_TEAM = R2C4T4N7US;
				ENABLE_NS_ASSERTIONS = NO;
				ENABLE_STRICT_OBJC_MSGSEND = YES;
				ENABLE_USER_SCRIPT_SANDBOXING = YES;
				GCC_C_LANGUAGE_STANDARD = gnu17;
				GCC_NO_COMMON_BLOCKS = YES;
				GCC_WARN_64_TO_32_BIT_CONVERSION = YES;
				GCC_WARN_ABOUT_RETURN_TYPE = YES_ERROR;
				GCC_WARN_UNDECLARED_SELECTOR = YES;
				GCC_WARN_UNINITIALIZED_AUTOS = YES_AGGRESSIVE;
				GCC_WARN_UNUSED_FUNCTION = YES;
				GCC_WARN_UNUSED_VARIABLE = YES;
				LOCALIZATION_PREFERS_STRING_CATALOGS = YES;
				MTL_ENABLE_DEBUG_INFO = NO;
				MTL_FAST_MATH = YES;
				STRING_CATALOG_GENERATE_SYMBOLS = YES;
				SWIFT_COMPILATION_MODE = wholemodule;
			};
			name = Release;
		};
		X1D00001 /* Debug */ = {
			isa = XCBuildConfiguration;
			buildSettings = {
				ASSETCATALOG_COMPILER_APPICON_NAME = AppIcon;
				ASSETCATALOG_COMPILER_GLOBAL_ACCENT_COLOR_NAME = AccentColor;
				CODE_SIGN_ENTITLEMENTS = Momentary/Momentary.entitlements;
				CODE_SIGN_STYLE = Automatic;
				CURRENT_PROJECT_VERSION = 53;
				GENERATE_INFOPLIST_FILE = YES;
				INFOPLIST_FILE = "";
				INFOPLIST_KEY_CFBundleDisplayName = Mind2Muscle;
				INFOPLIST_KEY_ITSAppUsesNonExemptEncryption = NO;
				INFOPLIST_KEY_NSHealthShareUsageDescription = "Mind2Muscle reads your workout data to provide training insights.";
				INFOPLIST_KEY_NSHealthUpdateUsageDescription = "Mind2Muscle saves your strength training workouts to Apple Health.";
				INFOPLIST_KEY_NSMicrophoneUsageDescription = "Microphone access is needed to record workout voice moments.";
				INFOPLIST_KEY_UIApplicationSceneManifest_Generation = YES;
				INFOPLIST_KEY_UIApplicationSupportsIndirectInputEvents = YES;
				INFOPLIST_KEY_UILaunchScreen_Generation = YES;
				INFOPLIST_KEY_UISupportedInterfaceOrientations_iPad = "UIInterfaceOrientationPortrait UIInterfaceOrientationPortraitUpsideDown UIInterfaceOrientationLandscapeLeft UIInterfaceOrientationLandscapeRight";
				INFOPLIST_KEY_UISupportedInterfaceOrientations_iPhone = "UIInterfaceOrientationPortrait UIInterfaceOrientationLandscapeLeft UIInterfaceOrientationLandscapeRight";
				IPHONEOS_DEPLOYMENT_TARGET = 18.0;
				LD_RUNPATH_SEARCH_PATHS = (
					"$(inherited)",
					"@executable_path/Frameworks",
				);
				MARKETING_VERSION = 2.0;
				PRODUCT_BUNDLE_IDENTIFIER = com.williamhussey.mind2muscle;
				PRODUCT_NAME = "$(TARGET_NAME)";
				SDKROOT = iphoneos;
				SUPPORTED_PLATFORMS = "iphoneos iphonesimulator";
				SUPPORTS_MACCATALYST = NO;
				SWIFT_EMIT_LOC_STRINGS = YES;
				SWIFT_VERSION = 5.0;
				TARGETED_DEVICE_FAMILY = "1,2";
			};
			name = Debug;
		};
		X1R00001 /* Release */ = {
			isa = XCBuildConfiguration;
			buildSettings = {
				ASSETCATALOG_COMPILER_APPICON_NAME = AppIcon;
				ASSETCATALOG_COMPILER_GLOBAL_ACCENT_COLOR_NAME = AccentColor;
				CODE_SIGN_ENTITLEMENTS = Momentary/Momentary.entitlements;
				CODE_SIGN_STYLE = Automatic;
				CURRENT_PROJECT_VERSION = 53;
				GENERATE_INFOPLIST_FILE = YES;
				INFOPLIST_FILE = "";
				INFOPLIST_KEY_CFBundleDisplayName = Mind2Muscle;
				INFOPLIST_KEY_ITSAppUsesNonExemptEncryption = NO;
				INFOPLIST_KEY_NSHealthShareUsageDescription = "Mind2Muscle reads your workout data to provide training insights.";
				INFOPLIST_KEY_NSHealthUpdateUsageDescription = "Mind2Muscle saves your strength training workouts to Apple Health.";
				INFOPLIST_KEY_NSMicrophoneUsageDescription = "Microphone access is needed to record workout voice moments.";
				INFOPLIST_KEY_UIApplicationSceneManifest_Generation = YES;
				INFOPLIST_KEY_UIApplicationSupportsIndirectInputEvents = YES;
				INFOPLIST_KEY_UILaunchScreen_Generation = YES;
				INFOPLIST_KEY_UISupportedInterfaceOrientations_iPad = "UIInterfaceOrientationPortrait UIInterfaceOrientationPortraitUpsideDown UIInterfaceOrientationLandscapeLeft UIInterfaceOrientationLandscapeRight";
				INFOPLIST_KEY_UISupportedInterfaceOrientations_iPhone = "UIInterfaceOrientationPortrait UIInterfaceOrientationLandscapeLeft UIInterfaceOrientationLandscapeRight";
				IPHONEOS_DEPLOYMENT_TARGET = 18.0;
				LD_RUNPATH_SEARCH_PATHS = (
					"$(inherited)",
					"@executable_path/Frameworks",
				);
				MARKETING_VERSION = 2.0;
				PRODUCT_BUNDLE_IDENTIFIER = com.williamhussey.mind2muscle;
				PRODUCT_NAME = "$(TARGET_NAME)";
				SDKROOT = iphoneos;
				SUPPORTED_PLATFORMS = "iphoneos iphonesimulator";
				SUPPORTS_MACCATALYST = NO;
				SWIFT_EMIT_LOC_STRINGS = YES;
				SWIFT_VERSION = 5.0;
				TARGETED_DEVICE_FAMILY = "1,2";
				VALIDATE_PRODUCT = YES;
			};
			name = Release;
		};
		X2D00001 /* Debug */ = {
			isa = XCBuildConfiguration;
			buildSettings = {
				ASSETCATALOG_COMPILER_APPICON_NAME = AppIcon;
				ASSETCATALOG_COMPILER_GLOBAL_ACCENT_COLOR_NAME = AccentColor;
				CODE_SIGN_ENTITLEMENTS = "Momentary Watch App/Momentary Watch App.entitlements";
				CODE_SIGN_STYLE = Automatic;
				CURRENT_PROJECT_VERSION = 53;
				GENERATE_INFOPLIST_FILE = YES;
				INFOPLIST_FILE = "";
				INFOPLIST_KEY_CFBundleDisplayName = Mind2Muscle;
				INFOPLIST_KEY_ITSAppUsesNonExemptEncryption = NO;
				INFOPLIST_KEY_NSHealthShareUsageDescription = "Mind2Muscle reads your workout data to provide training insights.";
				INFOPLIST_KEY_NSHealthUpdateUsageDescription = "Mind2Muscle saves your strength training workouts to Apple Health.";
				INFOPLIST_KEY_NSMicrophoneUsageDescription = "Microphone access is needed to record workout voice moments.";
				INFOPLIST_KEY_UISupportedInterfaceOrientations = "UIInterfaceOrientationPortrait UIInterfaceOrientationPortraitUpsideDown";
				INFOPLIST_KEY_WKCompanionAppBundleIdentifier = com.williamhussey.mind2muscle;
				LD_RUNPATH_SEARCH_PATHS = (
					"$(inherited)",
					"@executable_path/Frameworks",
				);
				MARKETING_VERSION = 2.0;
				PRODUCT_BUNDLE_IDENTIFIER = com.williamhussey.mind2muscle.watchkitapp;
				PRODUCT_NAME = "$(TARGET_NAME)";
				SDKROOT = watchos;
				SKIP_INSTALL = YES;
				SUPPORTED_PLATFORMS = "watchos watchsimulator";
				SWIFT_EMIT_LOC_STRINGS = YES;
				SWIFT_VERSION = 5.0;
				TARGETED_DEVICE_FAMILY = 4;
				WATCHOS_DEPLOYMENT_TARGET = 11.0;
			};
			name = Debug;
		};
		X2R00001 /* Release */ = {
			isa = XCBuildConfiguration;
			buildSettings = {
				ASSETCATALOG_COMPILER_APPICON_NAME = AppIcon;
				ASSETCATALOG_COMPILER_GLOBAL_ACCENT_COLOR_NAME = AccentColor;
				CODE_SIGN_ENTITLEMENTS = "Momentary Watch App/Momentary Watch App.entitlements";
				CODE_SIGN_STYLE = Automatic;
				CURRENT_PROJECT_VERSION = 53;
				GENERATE_INFOPLIST_FILE = YES;
				INFOPLIST_FILE = "";
				INFOPLIST_KEY_CFBundleDisplayName = Mind2Muscle;
				INFOPLIST_KEY_ITSAppUsesNonExemptEncryption = NO;
				INFOPLIST_KEY_NSHealthShareUsageDescription = "Mind2Muscle reads your workout data to provide training insights.";
				INFOPLIST_KEY_NSHealthUpdateUsageDescription = "Mind2Muscle saves your strength training workouts to Apple Health.";
				INFOPLIST_KEY_NSMicrophoneUsageDescription = "Microphone access is needed to record workout voice moments.";
				INFOPLIST_KEY_UISupportedInterfaceOrientations = "UIInterfaceOrientationPortrait UIInterfaceOrientationPortraitUpsideDown";
				INFOPLIST_KEY_WKCompanionAppBundleIdentifier = com.williamhussey.mind2muscle;
				LD_RUNPATH_SEARCH_PATHS = (
					"$(inherited)",
					"@executable_path/Frameworks",
				);
				MARKETING_VERSION = 2.0;
				PRODUCT_BUNDLE_IDENTIFIER = com.williamhussey.mind2muscle.watchkitapp;
				PRODUCT_NAME = "$(TARGET_NAME)";
				SDKROOT = watchos;
				SKIP_INSTALL = YES;
				SUPPORTED_PLATFORMS = "watchos watchsimulator";
				SWIFT_EMIT_LOC_STRINGS = YES;
				SWIFT_VERSION = 5.0;
				TARGETED_DEVICE_FAMILY = 4;
				VALIDATE_PRODUCT = YES;
				WATCHOS_DEPLOYMENT_TARGET = 11.0;
			};
			name = Release;
		};
/* End XCBuildConfiguration section */

/* Begin XCConfigurationList section */
		L0000001 /* Build configuration list for PBXProject "Momentary" */ = {
			isa = XCConfigurationList;
			buildConfigurations = (
				X0D00001 /* Debug */,
				X0R00001 /* Release */,
			);
			defaultConfigurationIsVisible = 0;
			defaultConfigurationName = Release;
		};
		L1000001 /* Build configuration list for PBXNativeTarget "Momentary" */ = {
			isa = XCConfigurationList;
			buildConfigurations = (
				X1D00001 /* Debug */,
				X1R00001 /* Release */,
			);
			defaultConfigurationIsVisible = 0;
			defaultConfigurationName = Release;
		};
		L2000001 /* Build configuration list for PBXNativeTarget "Momentary Watch App" */ = {
			isa = XCConfigurationList;
			buildConfigurations = (
				X2D00001 /* Debug */,
				X2R00001 /* Release */,
			);
			defaultConfigurationIsVisible = 0;
			defaultConfigurationName = Release;
		};
/* End XCConfigurationList section */
	};
	rootObject = P0000001 /* Project object */;
}
